// !$*UTF8*$!
{
	archiveVersion = 1;
	classes = {
	};
	objectVersion = 51;
	objects = {

/* Begin PBXBuildFile section */
		D04AC5D84C46CDA50257EE66 /* Pods_CatFacts.framework in Frameworks */ = {isa = PBXBuildFile; fileRef = B4A7BB72724E729CDD878BF2 /* Pods_CatFacts.framework */; };
		F90C216424974AC900AAEEAF /* StartView.swift in Sources */ = {isa = PBXBuildFile; fileRef = F90C216324974AC900AAEEAF /* StartView.swift */; };
		F90C21662497657900AAEEAF /* StartViewModel.swift in Sources */ = {isa = PBXBuildFile; fileRef = F90C21652497657900AAEEAF /* StartViewModel.swift */; };
		F9602C642498AE060075099B /* ReuseCell.swift in Sources */ = {isa = PBXBuildFile; fileRef = F9602C632498AE060075099B /* ReuseCell.swift */; };
		F964A1642493809300874BFA /* AppDelegate.swift in Sources */ = {isa = PBXBuildFile; fileRef = F964A1632493809300874BFA /* AppDelegate.swift */; };
		F964A1662493809300874BFA /* SceneDelegate.swift in Sources */ = {isa = PBXBuildFile; fileRef = F964A1652493809300874BFA /* SceneDelegate.swift */; };
		F964A1682493809300874BFA /* ViewController.swift in Sources */ = {isa = PBXBuildFile; fileRef = F964A1672493809300874BFA /* ViewController.swift */; };
		F964A16D2493809600874BFA /* Assets.xcassets in Resources */ = {isa = PBXBuildFile; fileRef = F964A16C2493809600874BFA /* Assets.xcassets */; };
		F9C962EE24978E4400382795 /* CatFactDataModel.swift in Sources */ = {isa = PBXBuildFile; fileRef = F9C962ED24978E4400382795 /* CatFactDataModel.swift */; };
		F9C962F024988D1E00382795 /* UserFactsView.swift in Sources */ = {isa = PBXBuildFile; fileRef = F9C962EF24988D1E00382795 /* UserFactsView.swift */; };
		F9C962F224988D6C00382795 /* UserFactsViewModel.swift in Sources */ = {isa = PBXBuildFile; fileRef = F9C962F124988D6C00382795 /* UserFactsViewModel.swift */; };
		F9C962F4249893C800382795 /* FactModel.swift in Sources */ = {isa = PBXBuildFile; fileRef = F9C962F3249893C800382795 /* FactModel.swift */; };
		F9FE18A52493855100D9DE47 /* .swiftlint.yml in Resources */ = {isa = PBXBuildFile; fileRef = F9FE18A42493855100D9DE47 /* .swiftlint.yml */; };
/* End PBXBuildFile section */

/* Begin PBXFileReference section */
		2275CF51C7F2FB6F9FE1E10A /* Pods-CatFacts.debug.xcconfig */ = {isa = PBXFileReference; includeInIndex = 1; lastKnownFileType = text.xcconfig; name = "Pods-CatFacts.debug.xcconfig"; path = "Target Support Files/Pods-CatFacts/Pods-CatFacts.debug.xcconfig"; sourceTree = "<group>"; };
		B4A7BB72724E729CDD878BF2 /* Pods_CatFacts.framework */ = {isa = PBXFileReference; explicitFileType = wrapper.framework; includeInIndex = 0; path = Pods_CatFacts.framework; sourceTree = BUILT_PRODUCTS_DIR; };
		EB93007B112AD9294F0D1C5C /* Pods-CatFacts.release.xcconfig */ = {isa = PBXFileReference; includeInIndex = 1; lastKnownFileType = text.xcconfig; name = "Pods-CatFacts.release.xcconfig"; path = "Target Support Files/Pods-CatFacts/Pods-CatFacts.release.xcconfig"; sourceTree = "<group>"; };
		F90C216324974AC900AAEEAF /* StartView.swift */ = {isa = PBXFileReference; lastKnownFileType = sourcecode.swift; path = StartView.swift; sourceTree = "<group>"; };
		F90C21652497657900AAEEAF /* StartViewModel.swift */ = {isa = PBXFileReference; lastKnownFileType = sourcecode.swift; path = StartViewModel.swift; sourceTree = "<group>"; };
		F9602C632498AE060075099B /* ReuseCell.swift */ = {isa = PBXFileReference; lastKnownFileType = sourcecode.swift; path = ReuseCell.swift; sourceTree = "<group>"; };
		F964A1602493809300874BFA /* CatFacts.app */ = {isa = PBXFileReference; explicitFileType = wrapper.application; includeInIndex = 0; path = CatFacts.app; sourceTree = BUILT_PRODUCTS_DIR; };
		F964A1632493809300874BFA /* AppDelegate.swift */ = {isa = PBXFileReference; lastKnownFileType = sourcecode.swift; path = AppDelegate.swift; sourceTree = "<group>"; };
		F964A1652493809300874BFA /* SceneDelegate.swift */ = {isa = PBXFileReference; lastKnownFileType = sourcecode.swift; path = SceneDelegate.swift; sourceTree = "<group>"; };
		F964A1672493809300874BFA /* ViewController.swift */ = {isa = PBXFileReference; lastKnownFileType = sourcecode.swift; path = ViewController.swift; sourceTree = "<group>"; };
		F964A16C2493809600874BFA /* Assets.xcassets */ = {isa = PBXFileReference; lastKnownFileType = folder.assetcatalog; path = Assets.xcassets; sourceTree = "<group>"; };
		F964A1712493809600874BFA /* Info.plist */ = {isa = PBXFileReference; lastKnownFileType = text.plist.xml; path = Info.plist; sourceTree = "<group>"; };
		F9C962ED24978E4400382795 /* CatFactDataModel.swift */ = {isa = PBXFileReference; lastKnownFileType = sourcecode.swift; path = CatFactDataModel.swift; sourceTree = "<group>"; };
		F9C962EF24988D1E00382795 /* UserFactsView.swift */ = {isa = PBXFileReference; lastKnownFileType = sourcecode.swift; path = UserFactsView.swift; sourceTree = "<group>"; };
		F9C962F124988D6C00382795 /* UserFactsViewModel.swift */ = {isa = PBXFileReference; lastKnownFileType = sourcecode.swift; name = UserFactsViewModel.swift; path = CatFacts/ViewModels/UserFactsViewModel.swift; sourceTree = SOURCE_ROOT; };
		F9C962F3249893C800382795 /* FactModel.swift */ = {isa = PBXFileReference; lastKnownFileType = sourcecode.swift; path = FactModel.swift; sourceTree = "<group>"; };
		F9FE18A42493855100D9DE47 /* .swiftlint.yml */ = {isa = PBXFileReference; lastKnownFileType = text.yaml; path = .swiftlint.yml; sourceTree = "<group>"; };
/* End PBXFileReference section */

/* Begin PBXFrameworksBuildPhase section */
		F964A15D2493809300874BFA /* Frameworks */ = {
			isa = PBXFrameworksBuildPhase;
			buildActionMask = 2147483647;
			files = (
				D04AC5D84C46CDA50257EE66 /* Pods_CatFacts.framework in Frameworks */,
			);
			runOnlyForDeploymentPostprocessing = 0;
		};
/* End PBXFrameworksBuildPhase section */

/* Begin PBXGroup section */
		D89B201C8D52442465316274 /* Frameworks */ = {
			isa = PBXGroup;
			children = (
				B4A7BB72724E729CDD878BF2 /* Pods_CatFacts.framework */,
			);
			name = Frameworks;
			sourceTree = "<group>";
		};
		DAFD53A12BBE4C8F3AD51D64 /* Pods */ = {
			isa = PBXGroup;
			children = (
				2275CF51C7F2FB6F9FE1E10A /* Pods-CatFacts.debug.xcconfig */,
				EB93007B112AD9294F0D1C5C /* Pods-CatFacts.release.xcconfig */,
			);
			path = Pods;
			sourceTree = "<group>";
		};
		F90C216024974A3D00AAEEAF /* Views */ = {
			isa = PBXGroup;
			children = (
				F9602C622498ADEE0075099B /* cells */,
				F90C216324974AC900AAEEAF /* StartView.swift */,
				F9C962EF24988D1E00382795 /* UserFactsView.swift */,
			);
			path = Views;
			sourceTree = "<group>";
		};
		F90C216124974A4700AAEEAF /* ViewModels */ = {
			isa = PBXGroup;
			children = (
				F9C962F124988D6C00382795 /* UserFactsViewModel.swift */,
				F90C21652497657900AAEEAF /* StartViewModel.swift */,
			);
			path = ViewModels;
			sourceTree = "<group>";
		};
		F90C216224974A4E00AAEEAF /* Models */ = {
			isa = PBXGroup;
			children = (
				F9C962ED24978E4400382795 /* CatFactDataModel.swift */,
				F9C962F3249893C800382795 /* FactModel.swift */,
			);
			path = Models;
			sourceTree = "<group>";
		};
		F9602C622498ADEE0075099B /* cells */ = {
			isa = PBXGroup;
			children = (
				F9602C632498AE060075099B /* ReuseCell.swift */,
			);
			path = cells;
			sourceTree = "<group>";
		};
		F964A1572493809300874BFA = {
			isa = PBXGroup;
			children = (
				F9FE18A42493855100D9DE47 /* .swiftlint.yml */,
				F964A1622493809300874BFA /* CatFacts */,
				F964A1612493809300874BFA /* Products */,
				DAFD53A12BBE4C8F3AD51D64 /* Pods */,
				D89B201C8D52442465316274 /* Frameworks */,
			);
			sourceTree = "<group>";
		};
		F964A1612493809300874BFA /* Products */ = {
			isa = PBXGroup;
			children = (
				F964A1602493809300874BFA /* CatFacts.app */,
			);
			name = Products;
			sourceTree = "<group>";
		};
		F964A1622493809300874BFA /* CatFacts */ = {
			isa = PBXGroup;
			children = (
				F90C216224974A4E00AAEEAF /* Models */,
				F90C216124974A4700AAEEAF /* ViewModels */,
				F90C216024974A3D00AAEEAF /* Views */,
				F964A1632493809300874BFA /* AppDelegate.swift */,
				F964A1652493809300874BFA /* SceneDelegate.swift */,
				F964A1672493809300874BFA /* ViewController.swift */,
				F964A16C2493809600874BFA /* Assets.xcassets */,
				F964A1712493809600874BFA /* Info.plist */,
			);
			path = CatFacts;
			sourceTree = "<group>";
		};
/* End PBXGroup section */

/* Begin PBXNativeTarget section */
		F964A15F2493809300874BFA /* CatFacts */ = {
			isa = PBXNativeTarget;
			buildConfigurationList = F964A1742493809600874BFA /* Build configuration list for PBXNativeTarget "CatFacts" */;
			buildPhases = (
				914C774F556A5983953B9D65 /* [CP] Check Pods Manifest.lock */,
				F964A15C2493809300874BFA /* Sources */,
				F964A15D2493809300874BFA /* Frameworks */,
				F964A15E2493809300874BFA /* Resources */,
				9280F4B209A3D2E56AB3EFC0 /* [CP] Embed Pods Frameworks */,
				F9B9EB092493820A00AC4C31 /* ShellScript */,
			);
			buildRules = (
			);
			dependencies = (
			);
			name = CatFacts;
			productName = CatFacts;
			productReference = F964A1602493809300874BFA /* CatFacts.app */;
			productType = "com.apple.product-type.application";
		};
/* End PBXNativeTarget section */

/* Begin PBXProject section */
		F964A1582493809300874BFA /* Project object */ = {
			isa = PBXProject;
			attributes = {
				LastSwiftUpdateCheck = 1150;
				LastUpgradeCheck = 1150;
				ORGANIZATIONNAME = Empiriecom;
				TargetAttributes = {
					F964A15F2493809300874BFA = {
						CreatedOnToolsVersion = 11.5;
					};
				};
			};
			buildConfigurationList = F964A15B2493809300874BFA /* Build configuration list for PBXProject "CatFacts" */;
			compatibilityVersion = "Xcode 9.3";
			developmentRegion = en;
			hasScannedForEncodings = 0;
			knownRegions = (
				en,
				Base,
			);
			mainGroup = F964A1572493809300874BFA;
			productRefGroup = F964A1612493809300874BFA /* Products */;
			projectDirPath = "";
			projectRoot = "";
			targets = (
				F964A15F2493809300874BFA /* CatFacts */,
			);
		};
/* End PBXProject section */

/* Begin PBXResourcesBuildPhase section */
		F964A15E2493809300874BFA /* Resources */ = {
			isa = PBXResourcesBuildPhase;
			buildActionMask = 2147483647;
			files = (
				F9FE18A52493855100D9DE47 /* .swiftlint.yml in Resources */,
				F964A16D2493809600874BFA /* Assets.xcassets in Resources */,
			);
			runOnlyForDeploymentPostprocessing = 0;
		};
/* End PBXResourcesBuildPhase section */

/* Begin PBXShellScriptBuildPhase section */
		914C774F556A5983953B9D65 /* [CP] Check Pods Manifest.lock */ = {
			isa = PBXShellScriptBuildPhase;
			buildActionMask = 2147483647;
			files = (
			);
			inputFileListPaths = (
			);
			inputPaths = (
				"${PODS_PODFILE_DIR_PATH}/Podfile.lock",
				"${PODS_ROOT}/Manifest.lock",
			);
			name = "[CP] Check Pods Manifest.lock";
			outputFileListPaths = (
			);
			outputPaths = (
				"$(DERIVED_FILE_DIR)/Pods-CatFacts-checkManifestLockResult.txt",
			);
			runOnlyForDeploymentPostprocessing = 0;
			shellPath = /bin/sh;
			shellScript = "diff \"${PODS_PODFILE_DIR_PATH}/Podfile.lock\" \"${PODS_ROOT}/Manifest.lock\" > /dev/null\nif [ $? != 0 ] ; then\n    # print error to STDERR\n    echo \"error: The sandbox is not in sync with the Podfile.lock. Run 'pod install' or update your CocoaPods installation.\" >&2\n    exit 1\nfi\n# This output is used by Xcode 'outputs' to avoid re-running this script phase.\necho \"SUCCESS\" > \"${SCRIPT_OUTPUT_FILE_0}\"\n";
			showEnvVarsInLog = 0;
		};
		9280F4B209A3D2E56AB3EFC0 /* [CP] Embed Pods Frameworks */ = {
			isa = PBXShellScriptBuildPhase;
			buildActionMask = 2147483647;
			files = (
			);
			inputFileListPaths = (
				"${PODS_ROOT}/Target Support Files/Pods-CatFacts/Pods-CatFacts-frameworks-${CONFIGURATION}-input-files.xcfilelist",
			);
			name = "[CP] Embed Pods Frameworks";
			outputFileListPaths = (
				"${PODS_ROOT}/Target Support Files/Pods-CatFacts/Pods-CatFacts-frameworks-${CONFIGURATION}-output-files.xcfilelist",
			);
			runOnlyForDeploymentPostprocessing = 0;
			shellPath = /bin/sh;
			shellScript = "\"${PODS_ROOT}/Target Support Files/Pods-CatFacts/Pods-CatFacts-frameworks.sh\"\n";
			showEnvVarsInLog = 0;
		};
		F9B9EB092493820A00AC4C31 /* ShellScript */ = {
			isa = PBXShellScriptBuildPhase;
			buildActionMask = 2147483647;
			files = (
			);
			inputFileListPaths = (
			);
			inputPaths = (
			);
			outputFileListPaths = (
			);
			outputPaths = (
			);
			runOnlyForDeploymentPostprocessing = 0;
			shellPath = /bin/sh;
			shellScript = "if which swiftlint >/dev/null; then\n  swiftlint\nelse\n  echo \"warning: SwiftLint not installed, download from https://github.com/realm/SwiftLint\"\nfi\n";
		};
/* End PBXShellScriptBuildPhase section */

/* Begin PBXSourcesBuildPhase section */
		F964A15C2493809300874BFA /* Sources */ = {
			isa = PBXSourcesBuildPhase;
			buildActionMask = 2147483647;
			files = (
				F9C962F4249893C800382795 /* FactModel.swift in Sources */,
				F90C21662497657900AAEEAF /* StartViewModel.swift in Sources */,
				F964A1682493809300874BFA /* ViewController.swift in Sources */,
				F9C962EE24978E4400382795 /* CatFactDataModel.swift in Sources */,
				F9602C642498AE060075099B /* ReuseCell.swift in Sources */,
				F964A1642493809300874BFA /* AppDelegate.swift in Sources */,
				F964A1662493809300874BFA /* SceneDelegate.swift in Sources */,
				F90C216424974AC900AAEEAF /* StartView.swift in Sources */,
				F9C962F024988D1E00382795 /* UserFactsView.swift in Sources */,
				F9C962F224988D6C00382795 /* UserFactsViewModel.swift in Sources */,
			);
			runOnlyForDeploymentPostprocessing = 0;
		};
/* End PBXSourcesBuildPhase section */

/* Begin XCBuildConfiguration section */
		F964A1722493809600874BFA /* Debug */ = {
			isa = XCBuildConfiguration;
			buildSettings = {
				ALWAYS_SEARCH_USER_PATHS = NO;
				CLANG_ANALYZER_NONNULL = YES;
				CLANG_ANALYZER_NUMBER_OBJECT_CONVERSION = YES_AGGRESSIVE;
				CLANG_CXX_LANGUAGE_STANDARD = "gnu++14";
				CLANG_CXX_LIBRARY = "libc++";
				CLANG_ENABLE_MODULES = YES;
				CLANG_ENABLE_OBJC_ARC = YES;
				CLANG_ENABLE_OBJC_WEAK = YES;
				CLANG_WARN_BLOCK_CAPTURE_AUTORELEASING = YES;
				CLANG_WARN_BOOL_CONVERSION = YES;
				CLANG_WARN_COMMA = YES;
				CLANG_WARN_CONSTANT_CONVERSION = YES;
				CLANG_WARN_DEPRECATED_OBJC_IMPLEMENTATIONS = YES;
				CLANG_WARN_DIRECT_OBJC_ISA_USAGE = YES_ERROR;
				CLANG_WARN_DOCUMENTATION_COMMENTS = YES;
				CLANG_WARN_EMPTY_BODY = YES;
				CLANG_WARN_ENUM_CONVERSION = YES;
				CLANG_WARN_INFINITE_RECURSION = YES;
				CLANG_WARN_INT_CONVERSION = YES;
				CLANG_WARN_NON_LITERAL_NULL_CONVERSION = YES;
				CLANG_WARN_OBJC_IMPLICIT_RETAIN_SELF = YES;
				CLANG_WARN_OBJC_LITERAL_CONVERSION = YES;
				CLANG_WARN_OBJC_ROOT_CLASS = YES_ERROR;
				CLANG_WARN_RANGE_LOOP_ANALYSIS = YES;
				CLANG_WARN_STRICT_PROTOTYPES = YES;
				CLANG_WARN_SUSPICIOUS_MOVE = YES;
				CLANG_WARN_UNGUARDED_AVAILABILITY = YES_AGGRESSIVE;
				CLANG_WARN_UNREACHABLE_CODE = YES;
				CLANG_WARN__DUPLICATE_METHOD_MATCH = YES;
				COPY_PHASE_STRIP = NO;
				DEBUG_INFORMATION_FORMAT = dwarf;
				ENABLE_STRICT_OBJC_MSGSEND = YES;
				ENABLE_TESTABILITY = YES;
				GCC_C_LANGUAGE_STANDARD = gnu11;
				GCC_DYNAMIC_NO_PIC = NO;
				GCC_NO_COMMON_BLOCKS = YES;
				GCC_OPTIMIZATION_LEVEL = 0;
				GCC_PREPROCESSOR_DEFINITIONS = (
					"DEBUG=1",
					"$(inherited)",
				);
				GCC_WARN_64_TO_32_BIT_CONVERSION = YES;
				GCC_WARN_ABOUT_RETURN_TYPE = YES_ERROR;
				GCC_WARN_UNDECLARED_SELECTOR = YES;
				GCC_WARN_UNINITIALIZED_AUTOS = YES_AGGRESSIVE;
				GCC_WARN_UNUSED_FUNCTION = YES;
				GCC_WARN_UNUSED_VARIABLE = YES;
				IPHONEOS_DEPLOYMENT_TARGET = 13.5;
				MTL_ENABLE_DEBUG_INFO = INCLUDE_SOURCE;
				MTL_FAST_MATH = YES;
				ONLY_ACTIVE_ARCH = YES;
				SDKROOT = iphoneos;
				SWIFT_ACTIVE_COMPILATION_CONDITIONS = DEBUG;
				SWIFT_OPTIMIZATION_LEVEL = "-Onone";
			};
			name = Debug;
		};
		F964A1732493809600874BFA /* Release */ = {
			isa = XCBuildConfiguration;
			buildSettings = {
				ALWAYS_SEARCH_USER_PATHS = NO;
				CLANG_ANALYZER_NONNULL = YES;
				CLANG_ANALYZER_NUMBER_OBJECT_CONVERSION = YES_AGGRESSIVE;
				CLANG_CXX_LANGUAGE_STANDARD = "gnu++14";
				CLANG_CXX_LIBRARY = "libc++";
				CLANG_ENABLE_MODULES = YES;
				CLANG_ENABLE_OBJC_ARC = YES;
				CLANG_ENABLE_OBJC_WEAK = YES;
				CLANG_WARN_BLOCK_CAPTURE_AUTORELEASING = YES;
				CLANG_WARN_BOOL_CONVERSION = YES;
				CLANG_WARN_COMMA = YES;
				CLANG_WARN_CONSTANT_CONVERSION = YES;
				CLANG_WARN_DEPRECATED_OBJC_IMPLEMENTATIONS = YES;
				CLANG_WARN_DIRECT_OBJC_ISA_USAGE = YES_ERROR;
				CLANG_WARN_DOCUMENTATION_COMMENTS = YES;
				CLANG_WARN_EMPTY_BODY = YES;
				CLANG_WARN_ENUM_CONVERSION = YES;
				CLANG_WARN_INFINITE_RECURSION = YES;
				CLANG_WARN_INT_CONVERSION = YES;
				CLANG_WARN_NON_LITERAL_NULL_CONVERSION = YES;
				CLANG_WARN_OBJC_IMPLICIT_RETAIN_SELF = YES;
				CLANG_WARN_OBJC_LITERAL_CONVERSION = YES;
				CLANG_WARN_OBJC_ROOT_CLASS = YES_ERROR;
				CLANG_WARN_RANGE_LOOP_ANALYSIS = YES;
				CLANG_WARN_STRICT_PROTOTYPES = YES;
				CLANG_WARN_SUSPICIOUS_MOVE = YES;
				CLANG_WARN_UNGUARDED_AVAILABILITY = YES_AGGRESSIVE;
				CLANG_WARN_UNREACHABLE_CODE = YES;
				CLANG_WARN__DUPLICATE_METHOD_MATCH = YES;
				COPY_PHASE_STRIP = NO;
				DEBUG_INFORMATION_FORMAT = "dwarf-with-dsym";
				ENABLE_NS_ASSERTIONS = NO;
				ENABLE_STRICT_OBJC_MSGSEND = YES;
				GCC_C_LANGUAGE_STANDARD = gnu11;
				GCC_NO_COMMON_BLOCKS = YES;
				GCC_WARN_64_TO_32_BIT_CONVERSION = YES;
				GCC_WARN_ABOUT_RETURN_TYPE = YES_ERROR;
				GCC_WARN_UNDECLARED_SELECTOR = YES;
				GCC_WARN_UNINITIALIZED_AUTOS = YES_AGGRESSIVE;
				GCC_WARN_UNUSED_FUNCTION = YES;
				GCC_WARN_UNUSED_VARIABLE = YES;
				IPHONEOS_DEPLOYMENT_TARGET = 13.5;
				MTL_ENABLE_DEBUG_INFO = NO;
				MTL_FAST_MATH = YES;
				SDKROOT = iphoneos;
				SWIFT_COMPILATION_MODE = wholemodule;
				SWIFT_OPTIMIZATION_LEVEL = "-O";
				VALIDATE_PRODUCT = YES;
			};
			name = Release;
		};
		F964A1752493809600874BFA /* Debug */ = {
			isa = XCBuildConfiguration;
			baseConfigurationReference = 2275CF51C7F2FB6F9FE1E10A /* Pods-CatFacts.debug.xcconfig */;
			buildSettings = {
				ASSETCATALOG_COMPILER_APPICON_NAME = AppIcon;
				CODE_SIGN_STYLE = Automatic;
				INFOPLIST_FILE = CatFacts/Info.plist;
				LD_RUNPATH_SEARCH_PATHS = (
					"$(inherited)",
					"@executable_path/Frameworks",
				);
				PRODUCT_BUNDLE_IDENTIFIER = Emp.CatFacts;
				PRODUCT_NAME = "$(TARGET_NAME)";
				SWIFT_VERSION = 5.0;
				TARGETED_DEVICE_FAMILY = "1,2";
			};
			name = Debug;
		};
		F964A1762493809600874BFA /* Release */ = {
			isa = XCBuildConfiguration;
			baseConfigurationReference = EB93007B112AD9294F0D1C5C /* Pods-CatFacts.release.xcconfig */;
			buildSettings = {
				ASSETCATALOG_COMPILER_APPICON_NAME = AppIcon;
				CODE_SIGN_STYLE = Automatic;
				INFOPLIST_FILE = CatFacts/Info.plist;
				LD_RUNPATH_SEARCH_PATHS = (
					"$(inherited)",
					"@executable_path/Frameworks",
				);
				PRODUCT_BUNDLE_IDENTIFIER = Emp.CatFacts;
				PRODUCT_NAME = "$(TARGET_NAME)";
				SWIFT_VERSION = 5.0;
				TARGETED_DEVICE_FAMILY = "1,2";
			};
			name = Release;
		};
/* End XCBuildConfiguration section */

/* Begin XCConfigurationList section */
		F964A15B2493809300874BFA /* Build configuration list for PBXProject "CatFacts" */ = {
			isa = XCConfigurationList;
			buildConfigurations = (
				F964A1722493809600874BFA /* Debug */,
				F964A1732493809600874BFA /* Release */,
			);
			defaultConfigurationIsVisible = 0;
			defaultConfigurationName = Release;
		};
		F964A1742493809600874BFA /* Build configuration list for PBXNativeTarget "CatFacts" */ = {
			isa = XCConfigurationList;
			buildConfigurations = (
				F964A1752493809600874BFA /* Debug */,
				F964A1762493809600874BFA /* Release */,
			);
			defaultConfigurationIsVisible = 0;
			defaultConfigurationName = Release;
		};
/* End XCConfigurationList section */
	};
	rootObject = F964A1582493809300874BFA /* Project object */;
}
